
Microsoft Visual Studio Solution File, Format Version 12.00
# Visual Studio Version 17
VisualStudioVersion = 17.6.33829.357
MinimumVisualStudioVersion = 10.0.40219.1
Project("{FAE04EC0-301F-11D3-BF4B-00C04F79EFBC}") = "ALYETL", "ALYETL.csproj", "{22F24762-308E-4E9F-8B84-C3C6006DDCB6}"
EndProject
Global
	GlobalSection(SolutionConfigurationPlatforms) = preSolution
		Debug|Any CPU = Debug|Any CPU
		Release|Any CPU = Release|Any CPU
	EndGlobalSection
	GlobalSection(ProjectConfigurationPlatforms) = postSolution
		{22F24762-308E-4E9F-8B84-C3C6006DDCB6}.Debug|Any CPU.ActiveCfg = Debug|Any CPU
		{22F24762-308E-4E9F-8B84-C3C6006DDCB6}.Debug|Any CPU.Build.0 = Debug|Any CPU
		{22F24762-308E-4E9F-8B84-C3C6006DDCB6}.Release|Any CPU.ActiveCfg = Release|Any CPU
		{22F24762-308E-4E9F-8B84-C3C6006DDCB6}.Release|Any CPU.Build.0 = Release|Any CPU
	EndGlobalSection
	GlobalSection(SolutionProperties) = preSolution
		HideSolutionNode = FALSE
	EndGlobalSection
	GlobalSection(ExtensibilityGlobals) = postSolution
		SolutionGuid = {A28463FA-D70B-4DBC-8C1A-C4BD5EA6C0C2}
	EndGlobalSection
EndGlobal
